# This file was autogenerated by Stack.
# You should not edit this file by hand.
# For more information, please see the documentation at:
#   https://docs.haskellstack.org/en/stable/lock_files

packages:
- completed:
    hackage: ncurses-0.2.16@sha256:8ad9fe6562a80d28166d76adbac1eb4d40c6511fe4e9272ed6e1166dc2f1cdf1,3575
    pantry-tree:
      size: 674
      sha256: 093bdc85ed518c81724f5b6b81c24ab4ebdd231551861f4feaa43361136f70b7
  original:
    hackage: ncurses-0.2.16
snapshots:
- completed:
    size: 507599
    url: https://raw.githubusercontent.com/commercialhaskell/stackage-snapshots/master/lts/11/11.yaml
    sha256: 5ec0a1ff4dadde524eb529784556bcc32014422fd1e1ed91231c59f001e92ca9
  original: lts-11.11
