# This file was autogenerated by Stack.
# You should not edit this file by hand.
# For more information, please see the documentation at:
#   https://docs.haskellstack.org/en/stable/lock_files

packages:
- completed:
    hackage: ncurses-0.2.16@sha256:8ad9fe6562a80d28166d76adbac1eb4d40c6511fe4e9272ed6e1166dc2f1cdf1,3575
    pantry-tree:
      size: 674
      sha256: 093bdc85ed518c81724f5b6b81c24ab4ebdd231551861f4feaa43361136f70b7
  original:
    hackage: ncurses-0.2.16
- completed:
    cabal-file:
      size: 3655
      sha256: 857a2c3ef3cdcd67f617869338b3a18b67679498a2fea373ffb3f2a9f52b5085
    name: tidal
    version: 1.4.6
    git: https://github.com/tidalcycles/Tidal.git
    pantry-tree:
      size: 10037
      sha256: adf447b2b38e134e67196c536c7496f0c30fb2f473077ed942d7820e322755fc
    commit: 8d692265f7612eeb9ce81bcf9796e29bbb79a07e
  original:
    git: https://github.com/tidalcycles/Tidal.git
    commit: 8d692265f7612eeb9ce81bcf9796e29bbb79a07e
snapshots:
- completed:
    size: 524789
    url: https://raw.githubusercontent.com/commercialhaskell/stackage-snapshots/master/lts/14/18.yaml
    sha256: 646be71223e08234131c6989912e6011e01b9767bc447b6d466a35e14360bdf2
  original: lts-14.18
